
Microsoft Visual Studio Solution File, Format Version 12.00
# Visual Studio 15
VisualStudioVersion = 15.0.27428.2005
MinimumVisualStudioVersion = 10.0.40219.1
Project("{9A19103F-16F7-4668-BE54-9A1E7A4F7556}") = "VersioningDemos.Web", "VersioningDemos.Web\VersioningDemos.Web.csproj", "{8A2AE4B8-4F27-4908-97A5-A84674CC4049}"
EndProject
Project("{2150E333-8FDC-42A3-9474-1A3956D46DE8}") = "Solution Items", "Solution Items", "{07D06EBE-6B47-4917-90E5-D46EB65E67FD}"
	ProjectSection(SolutionItems) = preProject
		.gitignore = .gitignore
		LICENSE = LICENSE
		README.md = README.md
	EndProjectSection
EndProject
Project("{778DAE3C-4631-46EA-AA77-85C1314464D9}") = "Default", "Default\Default.vbproj", "{BAD7E25D-E64D-4802-9CB3-123201108A97}"
EndProject
Project("{778DAE3C-4631-46EA-AA77-85C1314464D9}") = "Manual", "Manual\Manual.vbproj", "{979AE4E6-9212-4EF8-9FC3-D671DDDFC53B}"
EndProject
Project("{778DAE3C-4631-46EA-AA77-85C1314464D9}") = "Manual.AllDifferent", "Manual.AllDifferent\Manual.AllDifferent.vbproj", "{AB15F335-D422-4E6C-8247-CC70397B99E4}"
EndProject
Project("{F184B08F-C81C-45F6-A57F-5ABD9991F28F}") = "VersionPrefix", "VersionPrefix\VersionPrefix.vbproj", "{186C015A-ED77-4F8A-A351-B7A901C64ADC}"
EndProject
Project("{F184B08F-C81C-45F6-A57F-5ABD9991F28F}") = "VersionSuffix", "VersionSuffix\VersionSuffix.vbproj", "{011D147F-A09A-49F3-90E3-209C0BAFE431}"
EndProject
Project("{F184B08F-C81C-45F6-A57F-5ABD9991F28F}") = "SemanticVersioning", "SemanticVersioning\SemanticVersioning.vbproj", "{4B5726AC-9F4D-48F3-ADC7-06778E13BEDD}"
EndProject
Project("{F184B08F-C81C-45F6-A57F-5ABD9991F28F}") = "BuildRevision", "BuildRevision\BuildRevision.vbproj", "{1FBAFA4B-DECF-4803-9AD6-50BCA30E1AC1}"
EndProject
Project("{F184B08F-C81C-45F6-A57F-5ABD9991F28F}") = "VSTS", "VSTS\VSTS.vbproj", "{AC898FAD-0955-4E5D-9A4E-451DA6E89047}"
EndProject
Project("{F184B08F-C81C-45F6-A57F-5ABD9991F28F}") = "VSTS.WithGit", "VSTS.WithGit\VSTS.WithGit.vbproj", "{B8372D7C-DCC9-4CB5-A303-5DCB14920F14}"
EndProject
Project("{F184B08F-C81C-45F6-A57F-5ABD9991F28F}") = "BuildDateTime", "BuildDateTime\BuildDateTime.vbproj", "{07DE8D2C-A667-4178-9FB4-DD2CA943F311}"
EndProject
Global
	GlobalSection(SolutionConfigurationPlatforms) = preSolution
		Debug|Any CPU = Debug|Any CPU
		Release|Any CPU = Release|Any CPU
	EndGlobalSection
	GlobalSection(ProjectConfigurationPlatforms) = postSolution
		{8A2AE4B8-4F27-4908-97A5-A84674CC4049}.Debug|Any CPU.ActiveCfg = Debug|Any CPU
		{8A2AE4B8-4F27-4908-97A5-A84674CC4049}.Debug|Any CPU.Build.0 = Debug|Any CPU
		{8A2AE4B8-4F27-4908-97A5-A84674CC4049}.Release|Any CPU.ActiveCfg = Release|Any CPU
		{8A2AE4B8-4F27-4908-97A5-A84674CC4049}.Release|Any CPU.Build.0 = Release|Any CPU
		{BAD7E25D-E64D-4802-9CB3-123201108A97}.Debug|Any CPU.ActiveCfg = Debug|Any CPU
		{BAD7E25D-E64D-4802-9CB3-123201108A97}.Debug|Any CPU.Build.0 = Debug|Any CPU
		{BAD7E25D-E64D-4802-9CB3-123201108A97}.Release|Any CPU.ActiveCfg = Release|Any CPU
		{BAD7E25D-E64D-4802-9CB3-123201108A97}.Release|Any CPU.Build.0 = Release|Any CPU
		{979AE4E6-9212-4EF8-9FC3-D671DDDFC53B}.Debug|Any CPU.ActiveCfg = Debug|Any CPU
		{979AE4E6-9212-4EF8-9FC3-D671DDDFC53B}.Debug|Any CPU.Build.0 = Debug|Any CPU
		{979AE4E6-9212-4EF8-9FC3-D671DDDFC53B}.Release|Any CPU.ActiveCfg = Release|Any CPU
		{979AE4E6-9212-4EF8-9FC3-D671DDDFC53B}.Release|Any CPU.Build.0 = Release|Any CPU
		{AB15F335-D422-4E6C-8247-CC70397B99E4}.Debug|Any CPU.ActiveCfg = Debug|Any CPU
		{AB15F335-D422-4E6C-8247-CC70397B99E4}.Debug|Any CPU.Build.0 = Debug|Any CPU
		{AB15F335-D422-4E6C-8247-CC70397B99E4}.Release|Any CPU.ActiveCfg = Release|Any CPU
		{AB15F335-D422-4E6C-8247-CC70397B99E4}.Release|Any CPU.Build.0 = Release|Any CPU
		{186C015A-ED77-4F8A-A351-B7A901C64ADC}.Debug|Any CPU.ActiveCfg = Debug|Any CPU
		{186C015A-ED77-4F8A-A351-B7A901C64ADC}.Debug|Any CPU.Build.0 = Debug|Any CPU
		{186C015A-ED77-4F8A-A351-B7A901C64ADC}.Release|Any CPU.ActiveCfg = Release|Any CPU
		{186C015A-ED77-4F8A-A351-B7A901C64ADC}.Release|Any CPU.Build.0 = Release|Any CPU
		{011D147F-A09A-49F3-90E3-209C0BAFE431}.Debug|Any CPU.ActiveCfg = Debug|Any CPU
		{011D147F-A09A-49F3-90E3-209C0BAFE431}.Debug|Any CPU.Build.0 = Debug|Any CPU
		{011D147F-A09A-49F3-90E3-209C0BAFE431}.Release|Any CPU.ActiveCfg = Release|Any CPU
		{011D147F-A09A-49F3-90E3-209C0BAFE431}.Release|Any CPU.Build.0 = Release|Any CPU
		{4B5726AC-9F4D-48F3-ADC7-06778E13BEDD}.Debug|Any CPU.ActiveCfg = Debug|Any CPU
		{4B5726AC-9F4D-48F3-ADC7-06778E13BEDD}.Debug|Any CPU.Build.0 = Debug|Any CPU
		{4B5726AC-9F4D-48F3-ADC7-06778E13BEDD}.Release|Any CPU.ActiveCfg = Release|Any CPU
		{4B5726AC-9F4D-48F3-ADC7-06778E13BEDD}.Release|Any CPU.Build.0 = Release|Any CPU
		{1FBAFA4B-DECF-4803-9AD6-50BCA30E1AC1}.Debug|Any CPU.ActiveCfg = Debug|Any CPU
		{1FBAFA4B-DECF-4803-9AD6-50BCA30E1AC1}.Debug|Any CPU.Build.0 = Debug|Any CPU
		{1FBAFA4B-DECF-4803-9AD6-50BCA30E1AC1}.Release|Any CPU.ActiveCfg = Release|Any CPU
		{1FBAFA4B-DECF-4803-9AD6-50BCA30E1AC1}.Release|Any CPU.Build.0 = Release|Any CPU
		{AC898FAD-0955-4E5D-9A4E-451DA6E89047}.Debug|Any CPU.ActiveCfg = Debug|Any CPU
		{AC898FAD-0955-4E5D-9A4E-451DA6E89047}.Debug|Any CPU.Build.0 = Debug|Any CPU
		{AC898FAD-0955-4E5D-9A4E-451DA6E89047}.Release|Any CPU.ActiveCfg = Release|Any CPU
		{AC898FAD-0955-4E5D-9A4E-451DA6E89047}.Release|Any CPU.Build.0 = Release|Any CPU
		{B8372D7C-DCC9-4CB5-A303-5DCB14920F14}.Debug|Any CPU.ActiveCfg = Debug|Any CPU
		{B8372D7C-DCC9-4CB5-A303-5DCB14920F14}.Debug|Any CPU.Build.0 = Debug|Any CPU
		{B8372D7C-DCC9-4CB5-A303-5DCB14920F14}.Release|Any CPU.ActiveCfg = Release|Any CPU
		{B8372D7C-DCC9-4CB5-A303-5DCB14920F14}.Release|Any CPU.Build.0 = Release|Any CPU
		{07DE8D2C-A667-4178-9FB4-DD2CA943F311}.Debug|Any CPU.ActiveCfg = Debug|Any CPU
		{07DE8D2C-A667-4178-9FB4-DD2CA943F311}.Debug|Any CPU.Build.0 = Debug|Any CPU
		{07DE8D2C-A667-4178-9FB4-DD2CA943F311}.Release|Any CPU.ActiveCfg = Release|Any CPU
		{07DE8D2C-A667-4178-9FB4-DD2CA943F311}.Release|Any CPU.Build.0 = Release|Any CPU
	EndGlobalSection
	GlobalSection(SolutionProperties) = preSolution
		HideSolutionNode = FALSE
	EndGlobalSection
	GlobalSection(ExtensibilityGlobals) = postSolution
		SolutionGuid = {A0E76808-C407-42E9-B1B0-FA40A5F55A2E}
	EndGlobalSection
EndGlobal
